
Microsoft Visual Studio Solution File, Format Version 12.00
# Visual Studio Version 17
VisualStudioVersion = 17.9.34728.123
MinimumVisualStudioVersion = 10.0.40219.1
Project("{FAE04EC0-301F-11D3-BF4B-00C04F79EFBC}") = "ecommerce", "ecommerce.csproj", "{86BAF57C-3501-44AA-8995-C00B38B33B78}"
EndProject
Global
	GlobalSection(SolutionConfigurationPlatforms) = preSolution
		Debug|Any CPU = Debug|Any CPU
		Release|Any CPU = Release|Any CPU
	EndGlobalSection
	GlobalSection(ProjectConfigurationPlatforms) = postSolution
		{86BAF57C-3501-44AA-8995-C00B38B33B78}.Debug|Any CPU.ActiveCfg = Debug|Any CPU
		{86BAF57C-3501-44AA-8995-C00B38B33B78}.Debug|Any CPU.Build.0 = Debug|Any CPU
		{86BAF57C-3501-44AA-8995-C00B38B33B78}.Release|Any CPU.ActiveCfg = Release|Any CPU
		{86BAF57C-3501-44AA-8995-C00B38B33B78}.Release|Any CPU.Build.0 = Release|Any CPU
	EndGlobalSection
	GlobalSection(SolutionProperties) = preSolution
		HideSolutionNode = FALSE
	EndGlobalSection
	GlobalSection(ExtensibilityGlobals) = postSolution
		SolutionGuid = {1FB6B523-8CE1-40E4-8F2F-A3ACC6CE90D0}
	EndGlobalSection
EndGlobal
